Microsoft Visual Studio Solution File, Format Version 12.00
# Visual Studio Version 17
VisualStudioVersion = 17.5.2.0
MinimumVisualStudioVersion = 10.0.40219.1
Project("{FAE04EC0-301F-11D3-BF4B-00C04F79EFBC}") = "merch_store_dhapro", "merch_store_dhapro.csproj", "{A3E7B26C-D72D-0442-68B0-C8A7E6A0BBB3}"
EndProject
Global
	GlobalSection(SolutionConfigurationPlatforms) = preSolution
		Debug|Any CPU = Debug|Any CPU
		Release|Any CPU = Release|Any CPU
	EndGlobalSection
	GlobalSection(ProjectConfigurationPlatforms) = postSolution
		{A3E7B26C-D72D-0442-68B0-C8A7E6A0BBB3}.Debug|Any CPU.ActiveCfg = Debug|Any CPU
		{A3E7B26C-D72D-0442-68B0-C8A7E6A0BBB3}.Debug|Any CPU.Build.0 = Debug|Any CPU
		{A3E7B26C-D72D-0442-68B0-C8A7E6A0BBB3}.Release|Any CPU.ActiveCfg = Release|Any CPU
		{A3E7B26C-D72D-0442-68B0-C8A7E6A0BBB3}.Release|Any CPU.Build.0 = Release|Any CPU
	EndGlobalSection
	GlobalSection(SolutionProperties) = preSolution
		HideSolutionNode = FALSE
	EndGlobalSection
	GlobalSection(ExtensibilityGlobals) = postSolution
		SolutionGuid = {3DE6998D-6D84-432A-85E4-F888A5D4AF15}
	EndGlobalSection
EndGlobal
